
Microsoft Visual Studio Solution File, Format Version 12.00
# Visual Studio Version 17
VisualStudioVersion = 17.5.33627.172
MinimumVisualStudioVersion = 10.0.40219.1
Project("{FAE04EC0-301F-11D3-BF4B-00C04F79EFBC}") = "ResponseCompressionExample", "ResponseCompressionExample\ResponseCompressionExample.csproj", "{D91694ED-ADA1-4A1F-95B0-B0E5F156E4C0}"
EndProject
Global
	GlobalSection(SolutionConfigurationPlatforms) = preSolution
		Debug|Any CPU = Debug|Any CPU
		Release|Any CPU = Release|Any CPU
	EndGlobalSection
	GlobalSection(ProjectConfigurationPlatforms) = postSolution
		{D91694ED-ADA1-4A1F-95B0-B0E5F156E4C0}.Debug|Any CPU.ActiveCfg = Debug|Any CPU
		{D91694ED-ADA1-4A1F-95B0-B0E5F156E4C0}.Debug|Any CPU.Build.0 = Debug|Any CPU
		{D91694ED-ADA1-4A1F-95B0-B0E5F156E4C0}.Release|Any CPU.ActiveCfg = Release|Any CPU
		{D91694ED-ADA1-4A1F-95B0-B0E5F156E4C0}.Release|Any CPU.Build.0 = Release|Any CPU
	EndGlobalSection
	GlobalSection(SolutionProperties) = preSolution
		HideSolutionNode = FALSE
	EndGlobalSection
	GlobalSection(ExtensibilityGlobals) = postSolution
		SolutionGuid = {5F7638A2-E479-47AF-9AED-8D6FED57DEBD}
	EndGlobalSection
EndGlobal
